
Microsoft Visual Studio Solution File, Format Version 12.00
# Visual Studio 15
VisualStudioVersion = 15.0.28010.2050
MinimumVisualStudioVersion = 10.0.40219.1
Project("{6EC3EE1D-3C4E-46DD-8F32-0CC8E7565705}") = "WeatherStationFunctions", "WeatherStationFunctions.fsproj", "{F1501272-F635-415B-BCC6-8316FCCDDC5C}"
EndProject
Project("{6EC3EE1D-3C4E-46DD-8F32-0CC8E7565705}") = "DataModel", "..\DataModel\DataModel.fsproj", "{C280B1E3-CE52-49F4-AC99-F6FC729B4A6A}"
EndProject
Project("{9A19103F-16F7-4668-BE54-9A1E7A4F7556}") = "extensions", "extensions.csproj", "{F8A2FB2E-991C-4E8C-899A-75B3554ABD5E}"
EndProject
Global
	GlobalSection(SolutionConfigurationPlatforms) = preSolution
		Debug|Any CPU = Debug|Any CPU
		Release|Any CPU = Release|Any CPU
	EndGlobalSection
	GlobalSection(ProjectConfigurationPlatforms) = postSolution
		{F1501272-F635-415B-BCC6-8316FCCDDC5C}.Debug|Any CPU.ActiveCfg = Debug|Any CPU
		{F1501272-F635-415B-BCC6-8316FCCDDC5C}.Debug|Any CPU.Build.0 = Debug|Any CPU
		{F1501272-F635-415B-BCC6-8316FCCDDC5C}.Release|Any CPU.ActiveCfg = Release|Any CPU
		{F1501272-F635-415B-BCC6-8316FCCDDC5C}.Release|Any CPU.Build.0 = Release|Any CPU
		{C280B1E3-CE52-49F4-AC99-F6FC729B4A6A}.Debug|Any CPU.ActiveCfg = Debug|Any CPU
		{C280B1E3-CE52-49F4-AC99-F6FC729B4A6A}.Debug|Any CPU.Build.0 = Debug|Any CPU
		{C280B1E3-CE52-49F4-AC99-F6FC729B4A6A}.Release|Any CPU.ActiveCfg = Release|Any CPU
		{C280B1E3-CE52-49F4-AC99-F6FC729B4A6A}.Release|Any CPU.Build.0 = Release|Any CPU
		{F8A2FB2E-991C-4E8C-899A-75B3554ABD5E}.Debug|Any CPU.ActiveCfg = Debug|Any CPU
		{F8A2FB2E-991C-4E8C-899A-75B3554ABD5E}.Debug|Any CPU.Build.0 = Debug|Any CPU
		{F8A2FB2E-991C-4E8C-899A-75B3554ABD5E}.Release|Any CPU.ActiveCfg = Release|Any CPU
		{F8A2FB2E-991C-4E8C-899A-75B3554ABD5E}.Release|Any CPU.Build.0 = Release|Any CPU
	EndGlobalSection
	GlobalSection(SolutionProperties) = preSolution
		HideSolutionNode = FALSE
	EndGlobalSection
	GlobalSection(ExtensibilityGlobals) = postSolution
		SolutionGuid = {D1529156-A122-4F47-A876-6079C0395E19}
	EndGlobalSection
EndGlobal
